
Microsoft Visual Studio Solution File, Format Version 12.00
# Visual Studio 15
VisualStudioVersion = 15.0.27428.2005
MinimumVisualStudioVersion = 10.0.40219.1
Project("{FAE04EC0-301F-11D3-BF4B-00C04F79EFBC}") = "Server.ConsoleApp", "Server.ConsoleApp\Server.ConsoleApp.csproj", "{FA4042C2-7BE8-4B15-93F2-0495995E558E}"
EndProject
Project("{FAE04EC0-301F-11D3-BF4B-00C04F79EFBC}") = "Client.ConsoleApp", "Client.ConsoleApp\Client.ConsoleApp.csproj", "{6D44E704-5552-4D89-909C-45EE4CDFE2EF}"
EndProject
Project("{FAE04EC0-301F-11D3-BF4B-00C04F79EFBC}") = "BackEnd", "BackEnd\BackEnd.csproj", "{334C5B7E-CFD2-4800-B0A2-8CC849E86999}"
EndProject
Global
	GlobalSection(SolutionConfigurationPlatforms) = preSolution
		Debug|Any CPU = Debug|Any CPU
		Release|Any CPU = Release|Any CPU
	EndGlobalSection
	GlobalSection(ProjectConfigurationPlatforms) = postSolution
		{FA4042C2-7BE8-4B15-93F2-0495995E558E}.Debug|Any CPU.ActiveCfg = Debug|Any CPU
		{FA4042C2-7BE8-4B15-93F2-0495995E558E}.Debug|Any CPU.Build.0 = Debug|Any CPU
		{FA4042C2-7BE8-4B15-93F2-0495995E558E}.Release|Any CPU.ActiveCfg = Release|Any CPU
		{FA4042C2-7BE8-4B15-93F2-0495995E558E}.Release|Any CPU.Build.0 = Release|Any CPU
		{6D44E704-5552-4D89-909C-45EE4CDFE2EF}.Debug|Any CPU.ActiveCfg = Debug|Any CPU
		{6D44E704-5552-4D89-909C-45EE4CDFE2EF}.Debug|Any CPU.Build.0 = Debug|Any CPU
		{6D44E704-5552-4D89-909C-45EE4CDFE2EF}.Release|Any CPU.ActiveCfg = Release|Any CPU
		{6D44E704-5552-4D89-909C-45EE4CDFE2EF}.Release|Any CPU.Build.0 = Release|Any CPU
		{334C5B7E-CFD2-4800-B0A2-8CC849E86999}.Debug|Any CPU.ActiveCfg = Debug|Any CPU
		{334C5B7E-CFD2-4800-B0A2-8CC849E86999}.Debug|Any CPU.Build.0 = Debug|Any CPU
		{334C5B7E-CFD2-4800-B0A2-8CC849E86999}.Release|Any CPU.ActiveCfg = Release|Any CPU
		{334C5B7E-CFD2-4800-B0A2-8CC849E86999}.Release|Any CPU.Build.0 = Release|Any CPU
	EndGlobalSection
	GlobalSection(SolutionProperties) = preSolution
		HideSolutionNode = FALSE
	EndGlobalSection
	GlobalSection(ExtensibilityGlobals) = postSolution
		SolutionGuid = {A8DEC14D-8DE1-4480-A67D-FEA52B9AA53E}
	EndGlobalSection
EndGlobal
